// !$*UTF8*$!
{
	archiveVersion = 1;
	classes = {
	};
	objectVersion = 50;
	objects = {

/* Begin PBXBuildFile section */
		C50F09C926C3D9B5005B7860 /* AppDelegate.swift in Sources */ = {isa = PBXBuildFile; fileRef = C50F09C826C3D9B5005B7860 /* AppDelegate.swift */; };
		C50F09CD26C3D9B5005B7860 /* ViewController.swift in Sources */ = {isa = PBXBuildFile; fileRef = C50F09CC26C3D9B5005B7860 /* ViewController.swift */; };
		C50F09D226C3D9B6005B7860 /* Assets.xcassets in Resources */ = {isa = PBXBuildFile; fileRef = C50F09D126C3D9B6005B7860 /* Assets.xcassets */; };
		C50F09D526C3D9B6005B7860 /* LaunchScreen.storyboard in Resources */ = {isa = PBXBuildFile; fileRef = C50F09D326C3D9B6005B7860 /* LaunchScreen.storyboard */; };
		C50F09DD26C3DA42005B7860 /* InputView.swift in Sources */ = {isa = PBXBuildFile; fileRef = C50F09DC26C3DA42005B7860 /* InputView.swift */; };
		C50F09DF26C3DB2C005B7860 /* UITextField+Extensions.swift in Sources */ = {isa = PBXBuildFile; fileRef = C50F09DE26C3DB2C005B7860 /* UITextField+Extensions.swift */; };
		C50F09E126C3E46A005B7860 /* ResultViewController.swift in Sources */ = {isa = PBXBuildFile; fileRef = C50F09E026C3E46A005B7860 /* ResultViewController.swift */; };
		C50F09E326C3E51F005B7860 /* ResultLabel.swift in Sources */ = {isa = PBXBuildFile; fileRef = C50F09E226C3E51F005B7860 /* ResultLabel.swift */; };
		C50F09E526C3F6D2005B7860 /* MatchView.swift in Sources */ = {isa = PBXBuildFile; fileRef = C50F09E426C3F6D2005B7860 /* MatchView.swift */; };
		C50F09E726C3F7CA005B7860 /* UIImage+Extensions.swift in Sources */ = {isa = PBXBuildFile; fileRef = C50F09E626C3F7CA005B7860 /* UIImage+Extensions.swift */; };
		C50F09ED26C3FC34005B7860 /* Calculator.swift in Sources */ = {isa = PBXBuildFile; fileRef = C50F09EC26C3FC34005B7860 /* Calculator.swift */; };
		C50F09EF26C4175F005B7860 /* UIButton+Extensions.swift in Sources */ = {isa = PBXBuildFile; fileRef = C50F09EE26C4175F005B7860 /* UIButton+Extensions.swift */; };
/* End PBXBuildFile section */

/* Begin PBXFileReference section */
		C50F09C526C3D9B5005B7860 /* Matches.app */ = {isa = PBXFileReference; explicitFileType = wrapper.application; includeInIndex = 0; path = Matches.app; sourceTree = BUILT_PRODUCTS_DIR; };
		C50F09C826C3D9B5005B7860 /* AppDelegate.swift */ = {isa = PBXFileReference; lastKnownFileType = sourcecode.swift; path = AppDelegate.swift; sourceTree = "<group>"; };
		C50F09CC26C3D9B5005B7860 /* ViewController.swift */ = {isa = PBXFileReference; lastKnownFileType = sourcecode.swift; path = ViewController.swift; sourceTree = "<group>"; };
		C50F09D126C3D9B6005B7860 /* Assets.xcassets */ = {isa = PBXFileReference; lastKnownFileType = folder.assetcatalog; path = Assets.xcassets; sourceTree = "<group>"; };
		C50F09D426C3D9B6005B7860 /* Base */ = {isa = PBXFileReference; lastKnownFileType = file.storyboard; name = Base; path = Base.lproj/LaunchScreen.storyboard; sourceTree = "<group>"; };
		C50F09D626C3D9B6005B7860 /* Info.plist */ = {isa = PBXFileReference; lastKnownFileType = text.plist.xml; path = Info.plist; sourceTree = "<group>"; };
		C50F09DC26C3DA42005B7860 /* InputView.swift */ = {isa = PBXFileReference; lastKnownFileType = sourcecode.swift; path = InputView.swift; sourceTree = "<group>"; };
		C50F09DE26C3DB2C005B7860 /* UITextField+Extensions.swift */ = {isa = PBXFileReference; lastKnownFileType = sourcecode.swift; path = "UITextField+Extensions.swift"; sourceTree = "<group>"; };
		C50F09E026C3E46A005B7860 /* ResultViewController.swift */ = {isa = PBXFileReference; lastKnownFileType = sourcecode.swift; path = ResultViewController.swift; sourceTree = "<group>"; };
		C50F09E226C3E51F005B7860 /* ResultLabel.swift */ = {isa = PBXFileReference; lastKnownFileType = sourcecode.swift; path = ResultLabel.swift; sourceTree = "<group>"; };
		C50F09E426C3F6D2005B7860 /* MatchView.swift */ = {isa = PBXFileReference; lastKnownFileType = sourcecode.swift; path = MatchView.swift; sourceTree = "<group>"; };
		C50F09E626C3F7CA005B7860 /* UIImage+Extensions.swift */ = {isa = PBXFileReference; lastKnownFileType = sourcecode.swift; path = "UIImage+Extensions.swift"; sourceTree = "<group>"; };
		C50F09EC26C3FC34005B7860 /* Calculator.swift */ = {isa = PBXFileReference; lastKnownFileType = sourcecode.swift; path = Calculator.swift; sourceTree = "<group>"; };
		C50F09EE26C4175F005B7860 /* UIButton+Extensions.swift */ = {isa = PBXFileReference; lastKnownFileType = sourcecode.swift; path = "UIButton+Extensions.swift"; sourceTree = "<group>"; };
/* End PBXFileReference section */

/* Begin PBXFrameworksBuildPhase section */
		C50F09C226C3D9B5005B7860 /* Frameworks */ = {
			isa = PBXFrameworksBuildPhase;
			buildActionMask = 2147483647;
			files = (
			);
			runOnlyForDeploymentPostprocessing = 0;
		};
/* End PBXFrameworksBuildPhase section */

/* Begin PBXGroup section */
		C50F09BC26C3D9B5005B7860 = {
			isa = PBXGroup;
			children = (
				C50F09C726C3D9B5005B7860 /* Matches */,
				C50F09C626C3D9B5005B7860 /* Products */,
			);
			sourceTree = "<group>";
		};
		C50F09C626C3D9B5005B7860 /* Products */ = {
			isa = PBXGroup;
			children = (
				C50F09C526C3D9B5005B7860 /* Matches.app */,
			);
			name = Products;
			sourceTree = "<group>";
		};
		C50F09C726C3D9B5005B7860 /* Matches */ = {
			isa = PBXGroup;
			children = (
				C50F09EB26C3FC07005B7860 /* Logic */,
				C50F09EA26C3FBE7005B7860 /* Extensions */,
				C50F09E926C3FBCC005B7860 /* SubViews */,
				C50F09E826C3FBBB005B7860 /* ViewControllers */,
				C50F09C826C3D9B5005B7860 /* AppDelegate.swift */,
				C50F09D126C3D9B6005B7860 /* Assets.xcassets */,
				C50F09D326C3D9B6005B7860 /* LaunchScreen.storyboard */,
				C50F09D626C3D9B6005B7860 /* Info.plist */,
			);
			path = Matches;
			sourceTree = "<group>";
		};
		C50F09E826C3FBBB005B7860 /* ViewControllers */ = {
			isa = PBXGroup;
			children = (
				C50F09CC26C3D9B5005B7860 /* ViewController.swift */,
				C50F09E026C3E46A005B7860 /* ResultViewController.swift */,
			);
			path = ViewControllers;
			sourceTree = "<group>";
		};
		C50F09E926C3FBCC005B7860 /* SubViews */ = {
			isa = PBXGroup;
			children = (
				C50F09E426C3F6D2005B7860 /* MatchView.swift */,
				C50F09E226C3E51F005B7860 /* ResultLabel.swift */,
				C50F09DC26C3DA42005B7860 /* InputView.swift */,
			);
			path = SubViews;
			sourceTree = "<group>";
		};
		C50F09EA26C3FBE7005B7860 /* Extensions */ = {
			isa = PBXGroup;
			children = (
				C50F09E626C3F7CA005B7860 /* UIImage+Extensions.swift */,
				C50F09DE26C3DB2C005B7860 /* UITextField+Extensions.swift */,
				C50F09EE26C4175F005B7860 /* UIButton+Extensions.swift */,
			);
			path = Extensions;
			sourceTree = "<group>";
		};
		C50F09EB26C3FC07005B7860 /* Logic */ = {
			isa = PBXGroup;
			children = (
				C50F09EC26C3FC34005B7860 /* Calculator.swift */,
			);
			path = Logic;
			sourceTree = "<group>";
		};
/* End PBXGroup section */

/* Begin PBXNativeTarget section */
		C50F09C426C3D9B5005B7860 /* Matches */ = {
			isa = PBXNativeTarget;
			buildConfigurationList = C50F09D926C3D9B6005B7860 /* Build configuration list for PBXNativeTarget "Matches" */;
			buildPhases = (
				C50F09C126C3D9B5005B7860 /* Sources */,
				C50F09C226C3D9B5005B7860 /* Frameworks */,
				C50F09C326C3D9B5005B7860 /* Resources */,
			);
			buildRules = (
			);
			dependencies = (
			);
			name = Matches;
			productName = Matches;
			productReference = C50F09C526C3D9B5005B7860 /* Matches.app */;
			productType = "com.apple.product-type.application";
		};
/* End PBXNativeTarget section */

/* Begin PBXProject section */
		C50F09BD26C3D9B5005B7860 /* Project object */ = {
			isa = PBXProject;
			attributes = {
				LastSwiftUpdateCheck = 1250;
				LastUpgradeCheck = 1250;
				TargetAttributes = {
					C50F09C426C3D9B5005B7860 = {
						CreatedOnToolsVersion = 12.5.1;
					};
				};
			};
			buildConfigurationList = C50F09C026C3D9B5005B7860 /* Build configuration list for PBXProject "Matches" */;
			compatibilityVersion = "Xcode 9.3";
			developmentRegion = en;
			hasScannedForEncodings = 0;
			knownRegions = (
				en,
				Base,
			);
			mainGroup = C50F09BC26C3D9B5005B7860;
			productRefGroup = C50F09C626C3D9B5005B7860 /* Products */;
			projectDirPath = "";
			projectRoot = "";
			targets = (
				C50F09C426C3D9B5005B7860 /* Matches */,
			);
		};
/* End PBXProject section */

/* Begin PBXResourcesBuildPhase section */
		C50F09C326C3D9B5005B7860 /* Resources */ = {
			isa = PBXResourcesBuildPhase;
			buildActionMask = 2147483647;
			files = (
				C50F09D526C3D9B6005B7860 /* LaunchScreen.storyboard in Resources */,
				C50F09D226C3D9B6005B7860 /* Assets.xcassets in Resources */,
			);
			runOnlyForDeploymentPostprocessing = 0;
		};
/* End PBXResourcesBuildPhase section */

/* Begin PBXSourcesBuildPhase section */
		C50F09C126C3D9B5005B7860 /* Sources */ = {
			isa = PBXSourcesBuildPhase;
			buildActionMask = 2147483647;
			files = (
				C50F09E126C3E46A005B7860 /* ResultViewController.swift in Sources */,
				C50F09DD26C3DA42005B7860 /* InputView.swift in Sources */,
				C50F09DF26C3DB2C005B7860 /* UITextField+Extensions.swift in Sources */,
				C50F09EF26C4175F005B7860 /* UIButton+Extensions.swift in Sources */,
				C50F09E326C3E51F005B7860 /* ResultLabel.swift in Sources */,
				C50F09E526C3F6D2005B7860 /* MatchView.swift in Sources */,
				C50F09ED26C3FC34005B7860 /* Calculator.swift in Sources */,
				C50F09CD26C3D9B5005B7860 /* ViewController.swift in Sources */,
				C50F09C926C3D9B5005B7860 /* AppDelegate.swift in Sources */,
				C50F09E726C3F7CA005B7860 /* UIImage+Extensions.swift in Sources */,
			);
			runOnlyForDeploymentPostprocessing = 0;
		};
/* End PBXSourcesBuildPhase section */

/* Begin PBXVariantGroup section */
		C50F09D326C3D9B6005B7860 /* LaunchScreen.storyboard */ = {
			isa = PBXVariantGroup;
			children = (
				C50F09D426C3D9B6005B7860 /* Base */,
			);
			name = LaunchScreen.storyboard;
			sourceTree = "<group>";
		};
/* End PBXVariantGroup section */

/* Begin XCBuildConfiguration section */
		C50F09D726C3D9B6005B7860 /* Debug */ = {
			isa = XCBuildConfiguration;
			buildSettings = {
				ALWAYS_SEARCH_USER_PATHS = NO;
				CLANG_ANALYZER_NONNULL = YES;
				CLANG_ANALYZER_NUMBER_OBJECT_CONVERSION = YES_AGGRESSIVE;
				CLANG_CXX_LANGUAGE_STANDARD = "gnu++14";
				CLANG_CXX_LIBRARY = "libc++";
				CLANG_ENABLE_MODULES = YES;
				CLANG_ENABLE_OBJC_ARC = YES;
				CLANG_ENABLE_OBJC_WEAK = YES;
				CLANG_WARN_BLOCK_CAPTURE_AUTORELEASING = YES;
				CLANG_WARN_BOOL_CONVERSION = YES;
				CLANG_WARN_COMMA = YES;
				CLANG_WARN_CONSTANT_CONVERSION = YES;
				CLANG_WARN_DEPRECATED_OBJC_IMPLEMENTATIONS = YES;
				CLANG_WARN_DIRECT_OBJC_ISA_USAGE = YES_ERROR;
				CLANG_WARN_DOCUMENTATION_COMMENTS = YES;
				CLANG_WARN_EMPTY_BODY = YES;
				CLANG_WARN_ENUM_CONVERSION = YES;
				CLANG_WARN_INFINITE_RECURSION = YES;
				CLANG_WARN_INT_CONVERSION = YES;
				CLANG_WARN_NON_LITERAL_NULL_CONVERSION = YES;
				CLANG_WARN_OBJC_IMPLICIT_RETAIN_SELF = YES;
				CLANG_WARN_OBJC_LITERAL_CONVERSION = YES;
				CLANG_WARN_OBJC_ROOT_CLASS = YES_ERROR;
				CLANG_WARN_QUOTED_INCLUDE_IN_FRAMEWORK_HEADER = YES;
				CLANG_WARN_RANGE_LOOP_ANALYSIS = YES;
				CLANG_WARN_STRICT_PROTOTYPES = YES;
				CLANG_WARN_SUSPICIOUS_MOVE = YES;
				CLANG_WARN_UNGUARDED_AVAILABILITY = YES_AGGRESSIVE;
				CLANG_WARN_UNREACHABLE_CODE = YES;
				CLANG_WARN__DUPLICATE_METHOD_MATCH = YES;
				COPY_PHASE_STRIP = NO;
				DEBUG_INFORMATION_FORMAT = dwarf;
				ENABLE_STRICT_OBJC_MSGSEND = YES;
				ENABLE_TESTABILITY = YES;
				GCC_C_LANGUAGE_STANDARD = gnu11;
				GCC_DYNAMIC_NO_PIC = NO;
				GCC_NO_COMMON_BLOCKS = YES;
				GCC_OPTIMIZATION_LEVEL = 0;
				GCC_PREPROCESSOR_DEFINITIONS = (
					"DEBUG=1",
					"$(inherited)",
				);
				GCC_WARN_64_TO_32_BIT_CONVERSION = YES;
				GCC_WARN_ABOUT_RETURN_TYPE = YES_ERROR;
				GCC_WARN_UNDECLARED_SELECTOR = YES;
				GCC_WARN_UNINITIALIZED_AUTOS = YES_AGGRESSIVE;
				GCC_WARN_UNUSED_FUNCTION = YES;
				GCC_WARN_UNUSED_VARIABLE = YES;
				IPHONEOS_DEPLOYMENT_TARGET = 14.5;
				MTL_ENABLE_DEBUG_INFO = INCLUDE_SOURCE;
				MTL_FAST_MATH = YES;
				ONLY_ACTIVE_ARCH = YES;
				SDKROOT = iphoneos;
				SWIFT_ACTIVE_COMPILATION_CONDITIONS = DEBUG;
				SWIFT_OPTIMIZATION_LEVEL = "-Onone";
			};
			name = Debug;
		};
		C50F09D826C3D9B6005B7860 /* Release */ = {
			isa = XCBuildConfiguration;
			buildSettings = {
				ALWAYS_SEARCH_USER_PATHS = NO;
				CLANG_ANALYZER_NONNULL = YES;
				CLANG_ANALYZER_NUMBER_OBJECT_CONVERSION = YES_AGGRESSIVE;
				CLANG_CXX_LANGUAGE_STANDARD = "gnu++14";
				CLANG_CXX_LIBRARY = "libc++";
				CLANG_ENABLE_MODULES = YES;
				CLANG_ENABLE_OBJC_ARC = YES;
				CLANG_ENABLE_OBJC_WEAK = YES;
				CLANG_WARN_BLOCK_CAPTURE_AUTORELEASING = YES;
				CLANG_WARN_BOOL_CONVERSION = YES;
				CLANG_WARN_COMMA = YES;
				CLANG_WARN_CONSTANT_CONVERSION = YES;
				CLANG_WARN_DEPRECATED_OBJC_IMPLEMENTATIONS = YES;
				CLANG_WARN_DIRECT_OBJC_ISA_USAGE = YES_ERROR;
				CLANG_WARN_DOCUMENTATION_COMMENTS = YES;
				CLANG_WARN_EMPTY_BODY = YES;
				CLANG_WARN_ENUM_CONVERSION = YES;
				CLANG_WARN_INFINITE_RECURSION = YES;
				CLANG_WARN_INT_CONVERSION = YES;
				CLANG_WARN_NON_LITERAL_NULL_CONVERSION = YES;
				CLANG_WARN_OBJC_IMPLICIT_RETAIN_SELF = YES;
				CLANG_WARN_OBJC_LITERAL_CONVERSION = YES;
				CLANG_WARN_OBJC_ROOT_CLASS = YES_ERROR;
				CLANG_WARN_QUOTED_INCLUDE_IN_FRAMEWORK_HEADER = YES;
				CLANG_WARN_RANGE_LOOP_ANALYSIS = YES;
				CLANG_WARN_STRICT_PROTOTYPES = YES;
				CLANG_WARN_SUSPICIOUS_MOVE = YES;
				CLANG_WARN_UNGUARDED_AVAILABILITY = YES_AGGRESSIVE;
				CLANG_WARN_UNREACHABLE_CODE = YES;
				CLANG_WARN__DUPLICATE_METHOD_MATCH = YES;
				COPY_PHASE_STRIP = NO;
				DEBUG_INFORMATION_FORMAT = "dwarf-with-dsym";
				ENABLE_NS_ASSERTIONS = NO;
				ENABLE_STRICT_OBJC_MSGSEND = YES;
				GCC_C_LANGUAGE_STANDARD = gnu11;
				GCC_NO_COMMON_BLOCKS = YES;
				GCC_WARN_64_TO_32_BIT_CONVERSION = YES;
				GCC_WARN_ABOUT_RETURN_TYPE = YES_ERROR;
				GCC_WARN_UNDECLARED_SELECTOR = YES;
				GCC_WARN_UNINITIALIZED_AUTOS = YES_AGGRESSIVE;
				GCC_WARN_UNUSED_FUNCTION = YES;
				GCC_WARN_UNUSED_VARIABLE = YES;
				IPHONEOS_DEPLOYMENT_TARGET = 14.5;
				MTL_ENABLE_DEBUG_INFO = NO;
				MTL_FAST_MATH = YES;
				SDKROOT = iphoneos;
				SWIFT_COMPILATION_MODE = wholemodule;
				SWIFT_OPTIMIZATION_LEVEL = "-O";
				VALIDATE_PRODUCT = YES;
			};
			name = Release;
		};
		C50F09DA26C3D9B6005B7860 /* Debug */ = {
			isa = XCBuildConfiguration;
			buildSettings = {
				ASSETCATALOG_COMPILER_APPICON_NAME = AppIcon;
				ASSETCATALOG_COMPILER_GLOBAL_ACCENT_COLOR_NAME = AccentColor;
				CODE_SIGN_STYLE = Automatic;
				INFOPLIST_FILE = Matches/Info.plist;
				LD_RUNPATH_SEARCH_PATHS = (
					"$(inherited)",
					"@executable_path/Frameworks",
				);
				PRODUCT_BUNDLE_IDENTIFIER = com.bunoza.cardsgame.Matches;
				PRODUCT_NAME = "$(TARGET_NAME)";
				SWIFT_VERSION = 5.0;
				TARGETED_DEVICE_FAMILY = "1,2";
			};
			name = Debug;
		};
		C50F09DB26C3D9B6005B7860 /* Release */ = {
			isa = XCBuildConfiguration;
			buildSettings = {
				ASSETCATALOG_COMPILER_APPICON_NAME = AppIcon;
				ASSETCATALOG_COMPILER_GLOBAL_ACCENT_COLOR_NAME = AccentColor;
				CODE_SIGN_STYLE = Automatic;
				INFOPLIST_FILE = Matches/Info.plist;
				LD_RUNPATH_SEARCH_PATHS = (
					"$(inherited)",
					"@executable_path/Frameworks",
				);
				PRODUCT_BUNDLE_IDENTIFIER = com.bunoza.cardsgame.Matches;
				PRODUCT_NAME = "$(TARGET_NAME)";
				SWIFT_VERSION = 5.0;
				TARGETED_DEVICE_FAMILY = "1,2";
			};
			name = Release;
		};
/* End XCBuildConfiguration section */

/* Begin XCConfigurationList section */
		C50F09C026C3D9B5005B7860 /* Build configuration list for PBXProject "Matches" */ = {
			isa = XCConfigurationList;
			buildConfigurations = (
				C50F09D726C3D9B6005B7860 /* Debug */,
				C50F09D826C3D9B6005B7860 /* Release */,
			);
			defaultConfigurationIsVisible = 0;
			defaultConfigurationName = Release;
		};
		C50F09D926C3D9B6005B7860 /* Build configuration list for PBXNativeTarget "Matches" */ = {
			isa = XCConfigurationList;
			buildConfigurations = (
				C50F09DA26C3D9B6005B7860 /* Debug */,
				C50F09DB26C3D9B6005B7860 /* Release */,
			);
			defaultConfigurationIsVisible = 0;
			defaultConfigurationName = Release;
		};
/* End XCConfigurationList section */
	};
	rootObject = C50F09BD26C3D9B5005B7860 /* Project object */;
}
